
Microsoft Visual Studio Solution File, Format Version 12.00
# Visual Studio 15
VisualStudioVersion = 15.0.28010.2036
MinimumVisualStudioVersion = 10.0.40219.1
Project("{FAE04EC0-301F-11D3-BF4B-00C04F79EFBC}") = "AddWorkHistTables", "AddWorkHistTables\AddWorkHistTables.csproj", "{A697EBEA-1AC2-4AEE-B822-12116ED3F8F2}"
EndProject
Global
	GlobalSection(SolutionConfigurationPlatforms) = preSolution
		Debug|Any CPU = Debug|Any CPU
		Release|Any CPU = Release|Any CPU
	EndGlobalSection
	GlobalSection(ProjectConfigurationPlatforms) = postSolution
		{A697EBEA-1AC2-4AEE-B822-12116ED3F8F2}.Debug|Any CPU.ActiveCfg = Debug|Any CPU
		{A697EBEA-1AC2-4AEE-B822-12116ED3F8F2}.Debug|Any CPU.Build.0 = Debug|Any CPU
		{A697EBEA-1AC2-4AEE-B822-12116ED3F8F2}.Release|Any CPU.ActiveCfg = Release|Any CPU
		{A697EBEA-1AC2-4AEE-B822-12116ED3F8F2}.Release|Any CPU.Build.0 = Release|Any CPU
	EndGlobalSection
	GlobalSection(SolutionProperties) = preSolution
		HideSolutionNode = FALSE
	EndGlobalSection
	GlobalSection(ExtensibilityGlobals) = postSolution
		SolutionGuid = {9B103010-62D4-4140-9964-976CB914380A}
	EndGlobalSection
EndGlobal
